
Microsoft Visual Studio Solution File, Format Version 12.00
# Visual Studio 15
VisualStudioVersion = 15.0.26124.0
MinimumVisualStudioVersion = 15.0.26124.0
Project("{FAE04EC0-301F-11D3-BF4B-00C04F79EFBC}") = "DesenvWebApi.Domain", "DesenvWebApi.Domain\DesenvWebApi.Domain.csproj", "{A6CC8B13-1B56-47AE-9A5D-0482BA1605A8}"
EndProject
Project("{FAE04EC0-301F-11D3-BF4B-00C04F79EFBC}") = "DesenvWebApi.Data", "DesenvWebApi.Data\DesenvWebApi.Data.csproj", "{B54D521B-BEC7-47A1-B1BD-68F77E459385}"
EndProject
Project("{FAE04EC0-301F-11D3-BF4B-00C04F79EFBC}") = "DesenvWebApi.WebApi", "DesenvWebApi.WebApi\DesenvWebApi.WebApi.csproj", "{B64EDF59-CAFF-4218-B3FC-828BEF2C2E6C}"
EndProject
Global
	GlobalSection(SolutionConfigurationPlatforms) = preSolution
		Debug|Any CPU = Debug|Any CPU
		Debug|x64 = Debug|x64
		Debug|x86 = Debug|x86
		Release|Any CPU = Release|Any CPU
		Release|x64 = Release|x64
		Release|x86 = Release|x86
	EndGlobalSection
	GlobalSection(SolutionProperties) = preSolution
		HideSolutionNode = FALSE
	EndGlobalSection
	GlobalSection(ProjectConfigurationPlatforms) = postSolution
		{A6CC8B13-1B56-47AE-9A5D-0482BA1605A8}.Debug|Any CPU.ActiveCfg = Debug|Any CPU
		{A6CC8B13-1B56-47AE-9A5D-0482BA1605A8}.Debug|Any CPU.Build.0 = Debug|Any CPU
		{A6CC8B13-1B56-47AE-9A5D-0482BA1605A8}.Debug|x64.ActiveCfg = Debug|Any CPU
		{A6CC8B13-1B56-47AE-9A5D-0482BA1605A8}.Debug|x64.Build.0 = Debug|Any CPU
		{A6CC8B13-1B56-47AE-9A5D-0482BA1605A8}.Debug|x86.ActiveCfg = Debug|Any CPU
		{A6CC8B13-1B56-47AE-9A5D-0482BA1605A8}.Debug|x86.Build.0 = Debug|Any CPU
		{A6CC8B13-1B56-47AE-9A5D-0482BA1605A8}.Release|Any CPU.ActiveCfg = Release|Any CPU
		{A6CC8B13-1B56-47AE-9A5D-0482BA1605A8}.Release|Any CPU.Build.0 = Release|Any CPU
		{A6CC8B13-1B56-47AE-9A5D-0482BA1605A8}.Release|x64.ActiveCfg = Release|Any CPU
		{A6CC8B13-1B56-47AE-9A5D-0482BA1605A8}.Release|x64.Build.0 = Release|Any CPU
		{A6CC8B13-1B56-47AE-9A5D-0482BA1605A8}.Release|x86.ActiveCfg = Release|Any CPU
		{A6CC8B13-1B56-47AE-9A5D-0482BA1605A8}.Release|x86.Build.0 = Release|Any CPU
		{B54D521B-BEC7-47A1-B1BD-68F77E459385}.Debug|Any CPU.ActiveCfg = Debug|Any CPU
		{B54D521B-BEC7-47A1-B1BD-68F77E459385}.Debug|Any CPU.Build.0 = Debug|Any CPU
		{B54D521B-BEC7-47A1-B1BD-68F77E459385}.Debug|x64.ActiveCfg = Debug|Any CPU
		{B54D521B-BEC7-47A1-B1BD-68F77E459385}.Debug|x64.Build.0 = Debug|Any CPU
		{B54D521B-BEC7-47A1-B1BD-68F77E459385}.Debug|x86.ActiveCfg = Debug|Any CPU
		{B54D521B-BEC7-47A1-B1BD-68F77E459385}.Debug|x86.Build.0 = Debug|Any CPU
		{B54D521B-BEC7-47A1-B1BD-68F77E459385}.Release|Any CPU.ActiveCfg = Release|Any CPU
		{B54D521B-BEC7-47A1-B1BD-68F77E459385}.Release|Any CPU.Build.0 = Release|Any CPU
		{B54D521B-BEC7-47A1-B1BD-68F77E459385}.Release|x64.ActiveCfg = Release|Any CPU
		{B54D521B-BEC7-47A1-B1BD-68F77E459385}.Release|x64.Build.0 = Release|Any CPU
		{B54D521B-BEC7-47A1-B1BD-68F77E459385}.Release|x86.ActiveCfg = Release|Any CPU
		{B54D521B-BEC7-47A1-B1BD-68F77E459385}.Release|x86.Build.0 = Release|Any CPU
		{B64EDF59-CAFF-4218-B3FC-828BEF2C2E6C}.Debug|Any CPU.ActiveCfg = Debug|Any CPU
		{B64EDF59-CAFF-4218-B3FC-828BEF2C2E6C}.Debug|Any CPU.Build.0 = Debug|Any CPU
		{B64EDF59-CAFF-4218-B3FC-828BEF2C2E6C}.Debug|x64.ActiveCfg = Debug|Any CPU
		{B64EDF59-CAFF-4218-B3FC-828BEF2C2E6C}.Debug|x64.Build.0 = Debug|Any CPU
		{B64EDF59-CAFF-4218-B3FC-828BEF2C2E6C}.Debug|x86.ActiveCfg = Debug|Any CPU
		{B64EDF59-CAFF-4218-B3FC-828BEF2C2E6C}.Debug|x86.Build.0 = Debug|Any CPU
		{B64EDF59-CAFF-4218-B3FC-828BEF2C2E6C}.Release|Any CPU.ActiveCfg = Release|Any CPU
		{B64EDF59-CAFF-4218-B3FC-828BEF2C2E6C}.Release|Any CPU.Build.0 = Release|Any CPU
		{B64EDF59-CAFF-4218-B3FC-828BEF2C2E6C}.Release|x64.ActiveCfg = Release|Any CPU
		{B64EDF59-CAFF-4218-B3FC-828BEF2C2E6C}.Release|x64.Build.0 = Release|Any CPU
		{B64EDF59-CAFF-4218-B3FC-828BEF2C2E6C}.Release|x86.ActiveCfg = Release|Any CPU
		{B64EDF59-CAFF-4218-B3FC-828BEF2C2E6C}.Release|x86.Build.0 = Release|Any CPU
	EndGlobalSection
EndGlobal
